schema: '2.0'
stages:
  data_cleaning:
    cmd: python src/data/data_cleaning.py
    deps:
    - path: data/raw/swiggy.csv
      hash: md5
      md5: 55bd6cc42f2360b5de9569cf9cbd8342
      size: 7726618
    - path: src/data/data_cleaning.py
      hash: md5
      md5: 2eb0aceceee1c195c915c2c4b9e79d43
      size: 7227
    outs:
    - path: data/cleaned/swiggy_cleaned.csv
      hash: md5
      md5: bead232e31befa4c74704dc6507e5d73
      size: 4357386
  data_preparation:
    cmd: python src/data/data_preparation.py
    deps:
    - path: data/cleaned/swiggy_cleaned.csv
      hash: md5
      md5: bead232e31befa4c74704dc6507e5d73
      size: 4357386
    - path: src/data/data_preparation.py
      hash: md5
      md5: cec1bd406b18aa7c7c1c0a3e53b22304
      size: 2435
    params:
      params.yaml:
        Data_Preparation.random_state: 43
        Data_Preparation.test_size: 0.2
    outs:
    - path: data/interim/test.csv
      hash: md5
      md5: 0ba624dfbd66fec4c573839e3791d18e
      size: 871332
    - path: data/interim/train.csv
      hash: md5
      md5: 9b0b50c998a1a421fdabbb773b771056
      size: 3483233
  data_preprocessing:
    cmd: python src/features/data_preprocessing.py
    deps:
    - path: data/interim/test.csv
      hash: md5
      md5: 0ba624dfbd66fec4c573839e3791d18e
      size: 871332
    - path: data/interim/train.csv
      hash: md5
      md5: 9b0b50c998a1a421fdabbb773b771056
      size: 3483233
    - path: src/features/data_preprocessing.py
      hash: md5
      md5: 73385d328cd8ba6172866cb31c806150
      size: 5330
    outs:
    - path: data/processed/test_trans.csv
      hash: md5
      md5: 2559dcc2226de10ff5b4aeb6c8c485d7
      size: 1084975
    - path: data/processed/train_trans.csv
      hash: md5
      md5: 07285eb25aec7e2cb11f47fb5bb64594
      size: 4333758
    - path: models/preprocessor.joblib
      hash: md5
      md5: cda2a23354a4fa0d3d9ea9a288cf3e1b
      size: 7243
  train:
    cmd: python src/models/model_train.py
    deps:
    - path: data/processed/train_trans.csv
      hash: md5
      md5: 07285eb25aec7e2cb11f47fb5bb64594
      size: 4333758
    - path: src/models/model_train.py
      hash: md5
      md5: f80d0a2dfe5eee112d5d0373778c355f
      size: 3585
    params:
      params.yaml:
        Train.LightGBM:
          n_estimators: 100
          max_depth: 38
          learning_rate: 0.3793573829129576
          subsample: 0.8823899203273144
          min_child_weight: 18
          min_split_gain: 0.0366641615279395
          reg_lambda: 39.450748935859494
          n_jobs: -1
        Train.Random_Forest:
          n_estimators: 150
          criterion: squared_error
          max_depth: 14
          max_features: 1
          min_samples_split: 10
          min_samples_leaf: 2
          max_samples: 0.8349568486026413
          verbose: 1
          n_jobs: -1
    outs:
    - path: models/model.joblib
      hash: md5
      md5: 32e9c196bd20b99d9e7bece4a3385b47
      size: 36253544
    - path: models/power_transformer.joblib
      hash: md5
      md5: fe0eb3643c96b66fc1bbf2f75f3c97c0
      size: 805
    - path: models/stacking_regressor.joblib
      hash: md5
      md5: 4213107aaebb6ebcb946db66d5a43fcb
      size: 36247242
  evaluation:
    cmd: python src/models/model_evaluation.py
    deps:
    - path: data/processed/test_trans.csv
      hash: md5
      md5: 2559dcc2226de10ff5b4aeb6c8c485d7
      size: 1084975
    - path: data/processed/train_trans.csv
      hash: md5
      md5: 07285eb25aec7e2cb11f47fb5bb64594
      size: 4333758
    - path: models/model.joblib
      hash: md5
      md5: 32e9c196bd20b99d9e7bece4a3385b47
      size: 36253544
    - path: src/models/model_evaluation.py
      hash: md5
      md5: a3b700b93ae576b0eae8e3c10151a880
      size: 6103
    outs:
    - path: run_information.json
      hash: md5
      md5: bd5b9eee00593b875c6e13376b24b1d1
      size: 201
  model_registory:
    cmd: python src/models/model_registory.py
    deps:
    - path: run_information.json
      hash: md5
      md5: bd5b9eee00593b875c6e13376b24b1d1
      size: 201
    - path: src/models/model_registory.py
      hash: md5
      md5: 4842bcb7a30a8c95353b1d14e2e38f19
      size: 3717
