schema: '2.0'
stages:
  data_cleaning:
    cmd: python src/data/data_cleaning.py
    deps:
    - path: data/raw/swiggy.csv
      hash: md5
      md5: 55bd6cc42f2360b5de9569cf9cbd8342
      size: 7726618
    - path: src/data/data_cleaning.py
      hash: md5
      md5: 2eb0aceceee1c195c915c2c4b9e79d43
      size: 7227
    outs:
    - path: data/cleaned/swiggy_cleaned.csv
      hash: md5
      md5: bead232e31befa4c74704dc6507e5d73
      size: 4357386
