schema: '2.0'
stages:
  data_cleaning:
    cmd: python src/data/data_cleaning.py
    deps:
    - path: data/raw/swiggy.csv
      hash: md5
      md5: 55bd6cc42f2360b5de9569cf9cbd8342
      size: 7726618
    - path: src/data/data_cleaning.py
      hash: md5
      md5: 2eb0aceceee1c195c915c2c4b9e79d43
      size: 7227
    outs:
    - path: data/cleaned/swiggy_cleaned.csv
      hash: md5
      md5: bead232e31befa4c74704dc6507e5d73
      size: 4357386
  data_preparation:
    cmd: python src/data/data_preparation.py
    deps:
    - path: data/cleaned/swiggy_cleaned.csv
      hash: md5
      md5: bead232e31befa4c74704dc6507e5d73
      size: 4357386
    - path: src/data/data_preparation.py
      hash: md5
      md5: cec1bd406b18aa7c7c1c0a3e53b22304
      size: 2435
    params:
      params.yaml:
        Data_Preparation.random_state: 42
        Data_Preparation.test_size: 0.25
    outs:
    - path: data/interim/test.csv
      hash: md5
      md5: ebb437fb5ce9e08227b508065cd9755d
      size: 1089978
    - path: data/interim/train.csv
      hash: md5
      md5: fbd5516357f5e45a76f857f5f86afebe
      size: 3264587
  data_preprocessing:
    cmd: python src/features/data_preprocessing.py
    deps:
    - path: data/interim/test.csv
      hash: md5
      md5: ebb437fb5ce9e08227b508065cd9755d
      size: 1089978
    - path: data/interim/train.csv
      hash: md5
      md5: fbd5516357f5e45a76f857f5f86afebe
      size: 3264587
    - path: src/features/data_preprocessing.py
      hash: md5
      md5: 73385d328cd8ba6172866cb31c806150
      size: 5330
    outs:
    - path: data/processed/test_trans.csv
      hash: md5
      md5: d47ec315b96013b5ea3a06f17d84a408
      size: 1363037
    - path: data/processed/train_trans.csv
      hash: md5
      md5: 4eb64af4581c8c9c3d395ace30915af3
      size: 4055696
    - path: models/preprocessor.joblib
      hash: md5
      md5: 86d89c8e36263ff2853f7a2a91638346
      size: 7243
